{
  "name": "kafka-avro",
  "version": "1.0.0",
  "lockfileVersion": 1,
  "requires": true,
  "dependencies": {
    "@types/kafkajs": {
      "version": "1.4.1",
      "resolved": "https://registry.npmjs.org/@types/kafkajs/-/kafkajs-1.4.1.tgz",
      "integrity": "sha512-STR8u+Y7+Qy5N1hPYt53iZ1uKdDkeMl5NpHlLau6IFfIzfeuLQZC+HwUrypIzWLhUet7NIrRQqIajvrEDaOE9A==",
      "requires": {
        "@types/node": "*"
      }
    },
    "@types/node": {
      "version": "11.13.4",
      "resolved": "https://registry.npmjs.org/@types/node/-/node-11.13.4.tgz",
      "integrity": "sha512-+rabAZZ3Yn7tF/XPGHupKIL5EcAbrLxnTr/hgQICxbeuAfWtT0UZSfULE+ndusckBItcv4o6ZeOJplQikVcLvQ=="
    },
    "avsc": {
      "version": "5.4.7",
      "resolved": "https://registry.npmjs.org/avsc/-/avsc-5.4.7.tgz",
      "integrity": "sha512-R/KpS+fhUqGXtxST/+Hty/1G0ujkUcWjV+of5PG+ncODaNelR3Xr0ZLcxxNj23JMRv+HPE7V4C3T9oF/1JMTOg=="
    },
    "kafkajs": {
      "version": "1.7.0",
      "resolved": "https://registry.npmjs.org/kafkajs/-/kafkajs-1.7.0.tgz",
      "integrity": "sha512-tYqC9KDoxnWXlppr4mF3SHy/pZwrr8HLqUi4xokxpRMTq+KaVo+nMowhtowm2bWdKHak3/jT11k8jLBTpmbn6w==",
      "requires": {
        "long": "^4.0.0"
      }
    },
    "long": {
      "version": "4.0.0",
      "resolved": "https://registry.npmjs.org/long/-/long-4.0.0.tgz",
      "integrity": "sha512-XsP+KhQif4bjX1kbuSiySJFNAehNxgLb6hPRGJ9QsUr8ajHkuXGdrHmFUTUUXhDwVX2R5bY4JNZEwbUiMhV+MA=="
    },
    "node-fetch": {
      "version": "2.3.0",
      "resolved": "https://registry.npmjs.org/node-fetch/-/node-fetch-2.3.0.tgz",
      "integrity": "sha512-MOd8pV3fxENbryESLgVIeaGKrdl+uaYhCSSVkjeOb/31/njTpcis5aWfdqgNlHIrKOLRbMnfPINPOML2CIFeXA=="
    },
    "typescript": {
      "version": "3.4.3",
      "resolved": "https://registry.npmjs.org/typescript/-/typescript-3.4.3.tgz",
      "integrity": "sha512-FFgHdPt4T/duxx6Ndf7hwgMZZjZpB+U0nMNGVCYPq0rEzWKjEDobm4J6yb3CS7naZ0yURFqdw9Gwc7UOh/P9oQ==",
      "dev": true
    }
  }
}
