# THIS IS AN AUTOGENERATED FILE. DO NOT EDIT THIS FILE DIRECTLY.
# yarn lockfile v1


avro-schema-registry@^1.3.0:
  version "1.3.0"
  resolved "https://registry.yarnpkg.com/avro-schema-registry/-/avro-schema-registry-1.3.0.tgz#862ef3db36bfdc70e0cdb0b112cf8f716860585b"
  integrity sha512-MOFzIboop1xOcZQpefHNXhR5kwwMr2xARMP7Ld0milWSHddiByXypEVNoKY2yI9eiUrnfFqe8owLXV833Ft+2Q==

avsc@^5.4.7:
  version "5.4.7"
  resolved "https://registry.yarnpkg.com/avsc/-/avsc-5.4.7.tgz#7036f16334ba04207343d3a53896d52c7da41deb"
  integrity sha512-R/KpS+fhUqGXtxST/+Hty/1G0ujkUcWjV+of5PG+ncODaNelR3Xr0ZLcxxNj23JMRv+HPE7V4C3T9oF/1JMTOg==

kafkajs@^1.7.0:
  version "1.7.0"
  resolved "https://registry.yarnpkg.com/kafkajs/-/kafkajs-1.7.0.tgz#3154cc54248ad042dfe7acc94bf8a6a7c037e5be"
  integrity sha512-tYqC9KDoxnWXlppr4mF3SHy/pZwrr8HLqUi4xokxpRMTq+KaVo+nMowhtowm2bWdKHak3/jT11k8jLBTpmbn6w==
  dependencies:
    long "^4.0.0"

long@^4.0.0:
  version "4.0.0"
  resolved "https://registry.yarnpkg.com/long/-/long-4.0.0.tgz#9a7b71cfb7d361a194ea555241c92f7468d5bf28"
  integrity sha512-XsP+KhQif4bjX1kbuSiySJFNAehNxgLb6hPRGJ9QsUr8ajHkuXGdrHmFUTUUXhDwVX2R5bY4JNZEwbUiMhV+MA==
